
Microsoft Visual Studio Solution File, Format Version 12.00
# Visual Studio Version 17
VisualStudioVersion = 17.8.34408.163
MinimumVisualStudioVersion = 10.0.40219.1
Project("{FAE04EC0-301F-11D3-BF4B-00C04F79EFBC}") = "AzureBankConsole", "AzureBankConsole.csproj", "{4063227C-D435-4409-ADB2-03A6A452DA68}"
EndProject
Global
	GlobalSection(SolutionConfigurationPlatforms) = preSolution
		Debug|Any CPU = Debug|Any CPU
		Release|Any CPU = Release|Any CPU
	EndGlobalSection
	GlobalSection(ProjectConfigurationPlatforms) = postSolution
		{4063227C-D435-4409-ADB2-03A6A452DA68}.Debug|Any CPU.ActiveCfg = Debug|Any CPU
		{4063227C-D435-4409-ADB2-03A6A452DA68}.Debug|Any CPU.Build.0 = Debug|Any CPU
		{4063227C-D435-4409-ADB2-03A6A452DA68}.Release|Any CPU.ActiveCfg = Release|Any CPU
		{4063227C-D435-4409-ADB2-03A6A452DA68}.Release|Any CPU.Build.0 = Release|Any CPU
	EndGlobalSection
	GlobalSection(SolutionProperties) = preSolution
		HideSolutionNode = FALSE
	EndGlobalSection
	GlobalSection(ExtensibilityGlobals) = postSolution
		SolutionGuid = {12A7B6E3-DCB3-41A9-940A-609ED27B8713}
	EndGlobalSection
EndGlobal
